
Microsoft Visual Studio Solution File, Format Version 12.00
# Visual Studio Version 17
VisualStudioVersion = 17.4.33205.214
MinimumVisualStudioVersion = 10.0.40219.1
Project("{9A19103F-16F7-4668-BE54-9A1E7A4F7556}") = "CsharpBackL2", "CsharpBackL2.csproj", "{FB6A16C0-89FB-4DB3-9B9C-B2BF3D9D5722}"
EndProject
Global
	GlobalSection(SolutionConfigurationPlatforms) = preSolution
		Debug|Any CPU = Debug|Any CPU
		Release|Any CPU = Release|Any CPU
	EndGlobalSection
	GlobalSection(ProjectConfigurationPlatforms) = postSolution
		{FB6A16C0-89FB-4DB3-9B9C-B2BF3D9D5722}.Debug|Any CPU.ActiveCfg = Debug|Any CPU
		{FB6A16C0-89FB-4DB3-9B9C-B2BF3D9D5722}.Debug|Any CPU.Build.0 = Debug|Any CPU
		{FB6A16C0-89FB-4DB3-9B9C-B2BF3D9D5722}.Release|Any CPU.ActiveCfg = Release|Any CPU
		{FB6A16C0-89FB-4DB3-9B9C-B2BF3D9D5722}.Release|Any CPU.Build.0 = Release|Any CPU
	EndGlobalSection
	GlobalSection(SolutionProperties) = preSolution
		HideSolutionNode = FALSE
	EndGlobalSection
	GlobalSection(ExtensibilityGlobals) = postSolution
		SolutionGuid = {B7E80E50-4C39-4AE4-A16E-2CB439FFCD80}
	EndGlobalSection
EndGlobal
